
Microsoft Visual Studio Solution File, Format Version 12.00
# Visual Studio 15
VisualStudioVersion = 15.0.28307.329
MinimumVisualStudioVersion = 10.0.40219.1
Project("{FAE04EC0-301F-11D3-BF4B-00C04F79EFBC}") = "Power_Calculation", "Power_Calculation.csproj", "{E7BC9995-AF4C-449C-9660-9FC7F1EFCD50}"
EndProject
Global
	GlobalSection(SolutionConfigurationPlatforms) = preSolution
		Debug|Any CPU = Debug|Any CPU
		Release|Any CPU = Release|Any CPU
	EndGlobalSection
	GlobalSection(ProjectConfigurationPlatforms) = postSolution
		{E7BC9995-AF4C-449C-9660-9FC7F1EFCD50}.Debug|Any CPU.ActiveCfg = Debug|Any CPU
		{E7BC9995-AF4C-449C-9660-9FC7F1EFCD50}.Debug|Any CPU.Build.0 = Debug|Any CPU
		{E7BC9995-AF4C-449C-9660-9FC7F1EFCD50}.Release|Any CPU.ActiveCfg = Release|Any CPU
		{E7BC9995-AF4C-449C-9660-9FC7F1EFCD50}.Release|Any CPU.Build.0 = Release|Any CPU
	EndGlobalSection
	GlobalSection(SolutionProperties) = preSolution
		HideSolutionNode = FALSE
	EndGlobalSection
	GlobalSection(ExtensibilityGlobals) = postSolution
		SolutionGuid = {C858A2D6-FDA9-41C0-85DB-5B8D00073B3C}
	EndGlobalSection
EndGlobal
